# THIS IS AN AUTOGENERATED FILE. DO NOT EDIT THIS FILE DIRECTLY.
# yarn lockfile v1


"@playwright/test@^1.31.2":
  version "1.31.2"
  resolved "https://registry.yarnpkg.com/@playwright/test/-/test-1.31.2.tgz#426d8545143a97a6fed250a2a27aa1c8e5e2548e"
  integrity sha512-BYVutxDI4JeZKV1+ups6dt5WiqKhjBtIYowyZIJ3kBDmJgsuPKsqqKNIMFbUePLSCmp2cZu+BDL427RcNKTRYw==
  dependencies:
    "@types/node" "*"
    playwright-core "1.31.2"
  optionalDependencies:
    fsevents "2.3.2"

"@types/node@*":
  version "18.15.3"
  resolved "https://registry.yarnpkg.com/@types/node/-/node-18.15.3.tgz#f0b991c32cfc6a4e7f3399d6cb4b8cf9a0315014"
  integrity sha512-p6ua9zBxz5otCmbpb5D3U4B5Nanw6Pk3PPyX05xnxbB/fRv71N7CPmORg7uAD5P70T0xmx1pzAx/FUfa5X+3cw==

data@*:
  version "0.6.1"
  resolved "https://registry.yarnpkg.com/data/-/data-0.6.1.tgz#f363b07224f48e7cfd71d3df46c4b11f6f8e5f75"
  integrity sha512-6+TwhWxc4PUMLWjn88jj0n3MqP0wmin059bnAVxKnhNG+BsH2HsU0w6HwiIccrGTbhqs4TgcjwhkSQju87PclA==
  dependencies:
    "0" underscore

fsevents@2.3.2:
  version "2.3.2"
  resolved "https://registry.yarnpkg.com/fsevents/-/fsevents-2.3.2.tgz#8a526f78b8fdf4623b709e0b975c52c24c02fd1a"
  integrity sha512-xiqMQR4xAeHTuB9uWm+fFRcIOgKBMiOBP+eXiyT7jsgVCq1bkVygt00oASowB7EdtpOHaaPgKt812P9ab+DDKA==

playwright-core@1.31.2:
  version "1.31.2"
  resolved "https://registry.yarnpkg.com/playwright-core/-/playwright-core-1.31.2.tgz#debf4b215d14cb619adb7e511c164d068075b2ed"
  integrity sha512-a1dFgCNQw4vCsG7bnojZjDnPewZcw7tZUNFN0ZkcLYKj+mPmXvg4MpaaKZ5SgqPsOmqIf2YsVRkgqiRDxD+fDQ==

underscore@:
  version "1.13.6"
  resolved "https://registry.yarnpkg.com/underscore/-/underscore-1.13.6.tgz#04786a1f589dc6c09f761fc5f45b89e935136441"
  integrity sha512-+A5Sja4HP1M08MaXya7p5LvjuM7K6q/2EaC0+iovj/wOcMsTzMvDFbasi/oSapiwOlt252IqsKqPjCl7huKS0A==
